
Microsoft Visual Studio Solution File, Format Version 12.00
# Visual Studio Version 17
VisualStudioVersion = 17.12.35707.178 d17.12
MinimumVisualStudioVersion = 10.0.40219.1
Project("{FAE04EC0-301F-11D3-BF4B-00C04F79EFBC}") = "AlgoTradeBacktester.Core", "AlgoTradeBacktester.Core\AlgoTradeBacktester.Core.csproj", "{CD465958-FCD0-437B-B2AD-ADD24F56B5FE}"
EndProject
Project("{FAE04EC0-301F-11D3-BF4B-00C04F79EFBC}") = "AlgoTradeBacktester.Services", "AlgoTradeBacktester.Services\AlgoTradeBacktester.Services.csproj", "{2F71FDDC-6C15-4ACB-81DA-848711B2E35B}"
EndProject
Project("{FAE04EC0-301F-11D3-BF4B-00C04F79EFBC}") = "AlgoTradeBacktester.Console", "AlgoTradeBacktester.Console\AlgoTradeBacktester.Console.csproj", "{2C4D7683-E161-4983-B4F7-C17C8EF930C4}"
EndProject
Global
	GlobalSection(SolutionConfigurationPlatforms) = preSolution
		Debug|Any CPU = Debug|Any CPU
		Release|Any CPU = Release|Any CPU
	EndGlobalSection
	GlobalSection(ProjectConfigurationPlatforms) = postSolution
		{CD465958-FCD0-437B-B2AD-ADD24F56B5FE}.Debug|Any CPU.ActiveCfg = Debug|Any CPU
		{CD465958-FCD0-437B-B2AD-ADD24F56B5FE}.Debug|Any CPU.Build.0 = Debug|Any CPU
		{CD465958-FCD0-437B-B2AD-ADD24F56B5FE}.Release|Any CPU.ActiveCfg = Release|Any CPU
		{CD465958-FCD0-437B-B2AD-ADD24F56B5FE}.Release|Any CPU.Build.0 = Release|Any CPU
		{2F71FDDC-6C15-4ACB-81DA-848711B2E35B}.Debug|Any CPU.ActiveCfg = Debug|Any CPU
		{2F71FDDC-6C15-4ACB-81DA-848711B2E35B}.Debug|Any CPU.Build.0 = Debug|Any CPU
		{2F71FDDC-6C15-4ACB-81DA-848711B2E35B}.Release|Any CPU.ActiveCfg = Release|Any CPU
		{2F71FDDC-6C15-4ACB-81DA-848711B2E35B}.Release|Any CPU.Build.0 = Release|Any CPU
		{2C4D7683-E161-4983-B4F7-C17C8EF930C4}.Debug|Any CPU.ActiveCfg = Debug|Any CPU
		{2C4D7683-E161-4983-B4F7-C17C8EF930C4}.Debug|Any CPU.Build.0 = Debug|Any CPU
		{2C4D7683-E161-4983-B4F7-C17C8EF930C4}.Release|Any CPU.ActiveCfg = Release|Any CPU
		{2C4D7683-E161-4983-B4F7-C17C8EF930C4}.Release|Any CPU.Build.0 = Release|Any CPU
	EndGlobalSection
	GlobalSection(SolutionProperties) = preSolution
		HideSolutionNode = FALSE
	EndGlobalSection
EndGlobal
